
Microsoft Visual Studio Solution File, Format Version 12.00
# Visual Studio Version 16
VisualStudioVersion = 16.0.30011.22
MinimumVisualStudioVersion = 10.0.40219.1
Project("{FAE04EC0-301F-11D3-BF4B-00C04F79EFBC}") = "PDF2IMG", "PDF2IMG.csproj", "{ECFBF35F-5470-4A3E-B420-0579693BCBB4}"
EndProject
Global
	GlobalSection(SolutionConfigurationPlatforms) = preSolution
		Debug|Any CPU = Debug|Any CPU
		Release|Any CPU = Release|Any CPU
	EndGlobalSection
	GlobalSection(ProjectConfigurationPlatforms) = postSolution
		{ECFBF35F-5470-4A3E-B420-0579693BCBB4}.Debug|Any CPU.ActiveCfg = Debug|Any CPU
		{ECFBF35F-5470-4A3E-B420-0579693BCBB4}.Debug|Any CPU.Build.0 = Debug|Any CPU
		{ECFBF35F-5470-4A3E-B420-0579693BCBB4}.Release|Any CPU.ActiveCfg = Release|Any CPU
		{ECFBF35F-5470-4A3E-B420-0579693BCBB4}.Release|Any CPU.Build.0 = Release|Any CPU
	EndGlobalSection
	GlobalSection(SolutionProperties) = preSolution
		HideSolutionNode = FALSE
	EndGlobalSection
	GlobalSection(ExtensibilityGlobals) = postSolution
		SolutionGuid = {AF910BEB-E69C-4F57-9514-055B6DD28A8E}
	EndGlobalSection
	GlobalSection(TeamFoundationVersionControl) = preSolution
		SccNumberOfProjects = 2
		SccEnterpriseProvider = {4CA58AB2-18FA-4F8D-95D4-32DDF27D184C}
		SccTeamFoundationServer = https://thorprojects.visualstudio.com/
		SccLocalPath0 = .
		SccProjectUniqueName1 = PDF2IMG.csproj
		SccLocalPath1 = .
	EndGlobalSection
EndGlobal
